<?xml version="1.0" encoding="utf-8"?>
<Project ToolsVersion="4.0" xmlns="http://schemas.microsoft.com/developer/msbuild/2003">
  <ItemGroup>
    <Filter Include="Source Files">
      <UniqueIdentifier>{4FC737F1-C7A5-4376-A066-2A32D752A2FF}</UniqueIdentifier>
      <Extensions>cpp;c;cc;cxx;def;odl;idl;hpj;bat;asm;asmx</Extensions>
    </Filter>
    <Filter Include="Header Files">
      <UniqueIdentifier>{93995380-89BD-4b04-88EB-625FBE52EBFB}</UniqueIdentifier>
      <Extensions>h;hh;hpp;hxx;hm;inl;inc;xsd</Extensions>
    </Filter>
    <Filter Include="Resource Files">
      <UniqueIdentifier>{67DA6AB6-F800-4c08-8B7A-83BB121AAD01}</UniqueIdentifier>
      <Extensions>rc;ico;cur;bmp;dlg;rc2;rct;bin;rgs;gif;jpg;jpeg;jpe;resx;tiff;tif;png;wav;mfcribbon-ms</Extensions>
    </Filter>
    <Filter Include="Framework">
      <UniqueIdentifier>{1414e319-0f97-4aaf-a0ff-9604ddb1d4fd}</UniqueIdentifier>
    </Filter>
    <Filter Include="Player">
      <UniqueIdentifier>{48d19af9-7532-4d74-9d51-c0f121bdbe8a}</UniqueIdentifier>
    </Filter>
    <Filter Include="Framework\define">
      <UniqueIdentifier>{338906f1-b25a-4ab5-8930-d4a70f2fa241}</UniqueIdentifier>
    </Filter>
    <Filter Include="Framework\map">
      <UniqueIdentifier>{47536e76-28f6-412b-a2b3-53833381e9c3}</UniqueIdentifier>
    </Filter>
    <Filter Include="Framework\camera">
      <UniqueIdentifier>{613d23fa-ae8b-486e-b332-d12e1299b5b1}</UniqueIdentifier>
    </Filter>
    <Filter Include="Framework\grid">
      <UniqueIdentifier>{b5af2dd7-5fcb-4f5d-88ce-d3c7119a9473}</UniqueIdentifier>
    </Filter>
    <Filter Include="Object">
      <UniqueIdentifier>{cfbb53ca-17ad-42b3-99c6-3650c52555e0}</UniqueIdentifier>
    </Filter>
    <Filter Include="Object\weapon">
      <UniqueIdentifier>{f9c90b63-a0bf-4b08-afeb-5c82db6cf379}</UniqueIdentifier>
    </Filter>
    <Filter Include="Object\Item">
      <UniqueIdentifier>{752c9d82-5eed-48ef-b497-6793bea48434}</UniqueIdentifier>
    </Filter>
    <Filter Include="Framework\Animation">
      <UniqueIdentifier>{667f0f40-a93a-4cf0-8652-c63abd86b7ca}</UniqueIdentifier>
    </Filter>
    <Filter Include="Framework\Head">
      <UniqueIdentifier>{ebe9e815-f257-47b8-b1c9-5b992a8a389a}</UniqueIdentifier>
    </Filter>
    <Filter Include="Framework\Scence">
      <UniqueIdentifier>{ea7c9736-e960-4a25-9d75-ed549c3fc730}</UniqueIdentifier>
    </Filter>
    <Filter Include="Object\Ground">
      <UniqueIdentifier>{38de8759-c217-4c7f-a519-9ecaff5929d7}</UniqueIdentifier>
    </Filter>
    <Filter Include="Framework\Effect">
      <UniqueIdentifier>{9c731da9-fb7e-4bb6-b120-244acc25f62a}</UniqueIdentifier>
    </Filter>
    <Filter Include="Object\Enemy">
      <UniqueIdentifier>{d2af71ee-f18c-4a75-8985-e4e1a19fb465}</UniqueIdentifier>
    </Filter>
  </ItemGroup>
  <ItemGroup>
    <ClCompile Include="Goomba.cpp">
      <Filter>Source Files</Filter>
    </ClCompile>
    <ClCompile Include="Mario.cpp">
      <Filter>Source Files</Filter>
    </ClCompile>
    <ClCompile Include="Koopas.cpp">
      <Filter>Source Files</Filter>
    </ClCompile>
    <ClCompile Include="Simon.cpp">
      <Filter>Player</Filter>
    </ClCompile>
    <ClCompile Include="define.cpp">
      <Filter>Framework\define</Filter>
    </ClCompile>
    <ClCompile Include="camera.cpp">
      <Filter>Framework\camera</Filter>
    </ClCompile>
    <ClCompile Include="map.cpp">
      <Filter>Framework\map</Filter>
    </ClCompile>
    <ClCompile Include="grid.cpp">
      <Filter>Framework\grid</Filter>
    </ClCompile>
    <ClCompile Include="Weapon.cpp">
      <Filter>Object\weapon</Filter>
    </ClCompile>
    <ClCompile Include="MorningStar.cpp">
      <Filter>Object\weapon</Filter>
    </ClCompile>
    <ClCompile Include="Item.cpp">
      <Filter>Object\Item</Filter>
    </ClCompile>
    <ClCompile Include="LargeHeart.cpp">
      <Filter>Object\Item</Filter>
    </ClCompile>
    <ClCompile Include="Animations.cpp">
      <Filter>Framework\Animation</Filter>
    </ClCompile>
    <ClCompile Include="Sprites.cpp">
      <Filter>Framework\Animation</Filter>
    </ClCompile>
    <ClCompile Include="Textures.cpp">
      <Filter>Framework\Animation</Filter>
    </ClCompile>
    <ClCompile Include="Board.cpp">
      <Filter>Framework\Head</Filter>
    </ClCompile>
    <ClCompile Include="Font.cpp">
      <Filter>Framework\Head</Filter>
    </ClCompile>
    <ClCompile Include="Game.cpp">
      <Filter>Framework</Filter>
    </ClCompile>
    <ClCompile Include="main.cpp">
      <Filter>Framework</Filter>
    </ClCompile>
    <ClCompile Include="Utils.cpp">
      <Filter>Framework</Filter>
    </ClCompile>
    <ClCompile Include="Scence.cpp">
      <Filter>Framework\Scence</Filter>
    </ClCompile>
    <ClCompile Include="GameObject.cpp">
      <Filter>Object</Filter>
    </ClCompile>
    <ClCompile Include="Brick.cpp">
      <Filter>Object\Ground</Filter>
    </ClCompile>
    <ClCompile Include="Torch.cpp">
      <Filter>Object\Ground</Filter>
    </ClCompile>
    <ClCompile Include="PlayScence.cpp">
      <Filter>Framework\Scence</Filter>
    </ClCompile>
    <ClCompile Include="DaggerItem.cpp">
      <Filter>Object\Item</Filter>
    </ClCompile>
    <ClCompile Include="Dagger.cpp">
      <Filter>Object\weapon</Filter>
    </ClCompile>
    <ClCompile Include="UpgradeMorningStar.cpp">
      <Filter>Object\Item</Filter>
    </ClCompile>
    <ClCompile Include="BoardHealth.cpp">
      <Filter>Framework\Head</Filter>
    </ClCompile>
    <ClCompile Include="Effect.cpp">
      <Filter>Framework\Effect</Filter>
    </ClCompile>
    <ClCompile Include="Fire.cpp">
      <Filter>Framework\Effect</Filter>
    </ClCompile>
    <ClCompile Include="Hit.cpp">
      <Filter>Framework\Effect</Filter>
    </ClCompile>
    <ClCompile Include="GameTime.cpp">
      <Filter>Framework\Head</Filter>
    </ClCompile>
    <ClCompile Include="Monney.cpp">
      <Filter>Object\Item</Filter>
    </ClCompile>
    <ClCompile Include="MainSimon.cpp">
      <Filter>Player</Filter>
    </ClCompile>
    <ClCompile Include="Candle.cpp">
      <Filter>Object\Ground</Filter>
    </ClCompile>
    <ClCompile Include="SmallHeart.cpp">
      <Filter>Object\Item</Filter>
    </ClCompile>
    <ClCompile Include="Stair.cpp">
      <Filter>Object\Ground</Filter>
    </ClCompile>
    <ClCompile Include="Portal.cpp">
      <Filter>Object\Ground</Filter>
    </ClCompile>
    <ClCompile Include="Enemy.cpp">
      <Filter>Object\Enemy</Filter>
    </ClCompile>
    <ClCompile Include="BlackKnight.cpp">
      <Filter>Object\Enemy</Filter>
    </ClCompile>
    <ClCompile Include="Ghost.cpp">
      <Filter>Object\Enemy</Filter>
    </ClCompile>
    <ClCompile Include="Zombie.cpp">
      <Filter>Object\Enemy</Filter>
    </ClCompile>
    <ClCompile Include="ZombieZone.cpp">
      <Filter>Object\Enemy</Filter>
    </ClCompile>
  </ItemGroup>
  <ItemGroup>
    <ClInclude Include="Goomba.h">
      <Filter>Header Files</Filter>
    </ClInclude>
    <ClInclude Include="Mario.h">
      <Filter>Header Files</Filter>
    </ClInclude>
    <ClInclude Include="Koopas.h">
      <Filter>Header Files</Filter>
    </ClInclude>
    <ClInclude Include="Simon.h">
      <Filter>Player</Filter>
    </ClInclude>
    <ClInclude Include="define.h">
      <Filter>Framework\define</Filter>
    </ClInclude>
    <ClInclude Include="map.h">
      <Filter>Framework\map</Filter>
    </ClInclude>
    <ClInclude Include="camera.h">
      <Filter>Framework\camera</Filter>
    </ClInclude>
    <ClInclude Include="grid.h">
      <Filter>Framework\grid</Filter>
    </ClInclude>
    <ClInclude Include="Weapon.h">
      <Filter>Object\weapon</Filter>
    </ClInclude>
    <ClInclude Include="MorningStar.h">
      <Filter>Object\weapon</Filter>
    </ClInclude>
    <ClInclude Include="Item.h">
      <Filter>Object\Item</Filter>
    </ClInclude>
    <ClInclude Include="LargeHeart.h">
      <Filter>Object\Item</Filter>
    </ClInclude>
    <ClInclude Include="Animations.h">
      <Filter>Framework\Animation</Filter>
    </ClInclude>
    <ClInclude Include="Sprites.h">
      <Filter>Framework\Animation</Filter>
    </ClInclude>
    <ClInclude Include="Textures.h">
      <Filter>Framework\Animation</Filter>
    </ClInclude>
    <ClInclude Include="Board.h">
      <Filter>Framework\Head</Filter>
    </ClInclude>
    <ClInclude Include="Font.h">
      <Filter>Framework\Head</Filter>
    </ClInclude>
    <ClInclude Include="Game.h">
      <Filter>Framework</Filter>
    </ClInclude>
    <ClInclude Include="KeyEventHandler.h">
      <Filter>Framework</Filter>
    </ClInclude>
    <ClInclude Include="Utils.h">
      <Filter>Framework</Filter>
    </ClInclude>
    <ClInclude Include="Scence.h">
      <Filter>Framework\Scence</Filter>
    </ClInclude>
    <ClInclude Include="GameObject.h">
      <Filter>Object</Filter>
    </ClInclude>
    <ClInclude Include="Brick.h">
      <Filter>Object\Ground</Filter>
    </ClInclude>
    <ClInclude Include="Torch.h">
      <Filter>Object\Ground</Filter>
    </ClInclude>
    <ClInclude Include="PlayScence.h">
      <Filter>Framework\Scence</Filter>
    </ClInclude>
    <ClInclude Include="DaggerItem.h">
      <Filter>Object\Item</Filter>
    </ClInclude>
    <ClInclude Include="Dagger.h">
      <Filter>Object\weapon</Filter>
    </ClInclude>
    <ClInclude Include="UpgradeMorningStar.h">
      <Filter>Object\Item</Filter>
    </ClInclude>
    <ClInclude Include="BoardHealth.h">
      <Filter>Framework\Head</Filter>
    </ClInclude>
    <ClInclude Include="Effect.h">
      <Filter>Framework\Effect</Filter>
    </ClInclude>
    <ClInclude Include="Fire.h">
      <Filter>Framework\Effect</Filter>
    </ClInclude>
    <ClInclude Include="Hit.h">
      <Filter>Framework\Effect</Filter>
    </ClInclude>
    <ClInclude Include="GameTime.h">
      <Filter>Framework\Head</Filter>
    </ClInclude>
    <ClInclude Include="Monney.h">
      <Filter>Object\Item</Filter>
    </ClInclude>
    <ClInclude Include="MainSimon.h">
      <Filter>Player</Filter>
    </ClInclude>
    <ClInclude Include="Candle.h">
      <Filter>Object\Ground</Filter>
    </ClInclude>
    <ClInclude Include="SmallHeart.h">
      <Filter>Object\Item</Filter>
    </ClInclude>
    <ClInclude Include="Stair.h">
      <Filter>Object\Ground</Filter>
    </ClInclude>
    <ClInclude Include="Portal.h">
      <Filter>Object\Ground</Filter>
    </ClInclude>
    <ClInclude Include="Enemy.h">
      <Filter>Object\Enemy</Filter>
    </ClInclude>
    <ClInclude Include="BlackKnight.h">
      <Filter>Object\Enemy</Filter>
    </ClInclude>
    <ClInclude Include="Ghost.h">
      <Filter>Object\Enemy</Filter>
    </ClInclude>
    <ClInclude Include="Zombie.h">
      <Filter>Object\Enemy</Filter>
    </ClInclude>
    <ClInclude Include="ZombieZone.h">
      <Filter>Object\Enemy</Filter>
    </ClInclude>
  </ItemGroup>
</Project>